// !$*UTF8*$!
{
	archiveVersion = 1;
	classes = {
	};
	objectVersion = 46;
	objects = {

/* Begin PBXBuildFile section */
		B26773941AB0398F00F6F587 /* AppDelegate.swift in Sources */ = {isa = PBXBuildFile; fileRef = B26773931AB0398F00F6F587 /* AppDelegate.swift */; };
		B26773961AB0398F00F6F587 /* ViewController.swift in Sources */ = {isa = PBXBuildFile; fileRef = B26773951AB0398F00F6F587 /* ViewController.swift */; };
		B26773991AB0398F00F6F587 /* Main.storyboard in Resources */ = {isa = PBXBuildFile; fileRef = B26773971AB0398F00F6F587 /* Main.storyboard */; };
		B267739B1AB0398F00F6F587 /* Images.xcassets in Resources */ = {isa = PBXBuildFile; fileRef = B267739A1AB0398F00F6F587 /* Images.xcassets */; };
		B267739E1AB0398F00F6F587 /* LaunchScreen.xib in Resources */ = {isa = PBXBuildFile; fileRef = B267739C1AB0398F00F6F587 /* LaunchScreen.xib */; };
		B26773AA1AB0398F00F6F587 /* FlightWatchCompanionTests.swift in Sources */ = {isa = PBXBuildFile; fileRef = B26773A91AB0398F00F6F587 /* FlightWatchCompanionTests.swift */; };
		B26773BD1AB039AB00F6F587 /* InterfaceController.swift in Sources */ = {isa = PBXBuildFile; fileRef = B26773BC1AB039AB00F6F587 /* InterfaceController.swift */; };
		B26773BF1AB039AB00F6F587 /* NotificationController.swift in Sources */ = {isa = PBXBuildFile; fileRef = B26773BE1AB039AB00F6F587 /* NotificationController.swift */; };
		B26773C11AB039AB00F6F587 /* GlanceController.swift in Sources */ = {isa = PBXBuildFile; fileRef = B26773C01AB039AB00F6F587 /* GlanceController.swift */; };
		B26773C31AB039AB00F6F587 /* Images.xcassets in Resources */ = {isa = PBXBuildFile; fileRef = B26773C21AB039AB00F6F587 /* Images.xcassets */; };
		B26773C71AB039AB00F6F587 /* FlightWatchCompanion WatchKit App.app in Resources */ = {isa = PBXBuildFile; fileRef = B26773C61AB039AB00F6F587 /* FlightWatchCompanion WatchKit App.app */; };
		B26773CF1AB039AB00F6F587 /* Interface.storyboard in Resources */ = {isa = PBXBuildFile; fileRef = B26773CD1AB039AB00F6F587 /* Interface.storyboard */; };
		B26773D11AB039AB00F6F587 /* Images.xcassets in Resources */ = {isa = PBXBuildFile; fileRef = B26773D01AB039AB00F6F587 /* Images.xcassets */; };
		B26773D41AB039AB00F6F587 /* FlightWatchCompanion WatchKit Extension.appex in Embed App Extensions */ = {isa = PBXBuildFile; fileRef = B26773B71AB039AB00F6F587 /* FlightWatchCompanion WatchKit Extension.appex */; settings = {ATTRIBUTES = (RemoveHeadersOnCopy, ); }; };
		B26773DD1AB03A6D00F6F587 /* FlightsInterfaceController.swift in Sources */ = {isa = PBXBuildFile; fileRef = B26773DC1AB03A6D00F6F587 /* FlightsInterfaceController.swift */; };
		B26773DF1AB03A8000F6F587 /* WeatherInterfaceController.swift in Sources */ = {isa = PBXBuildFile; fileRef = B26773DE1AB03A8000F6F587 /* WeatherInterfaceController.swift */; };
		B26773E11AB03A8F00F6F587 /* CurrencyInterfaceController.swift in Sources */ = {isa = PBXBuildFile; fileRef = B26773E01AB03A8F00F6F587 /* CurrencyInterfaceController.swift */; };
		B26773E31AB03C8600F6F587 /* FlightRowController.swift in Sources */ = {isa = PBXBuildFile; fileRef = B26773E21AB03C8600F6F587 /* FlightRowController.swift */; };
		B26773E71AB0447400F6F587 /* airport-50.png in Resources */ = {isa = PBXBuildFile; fileRef = B26773E61AB0447400F6F587 /* airport-50.png */; };
		B26773E91AB04CA900F6F587 /* DetailsInterfaceController.swift in Sources */ = {isa = PBXBuildFile; fileRef = B26773E81AB04CA900F6F587 /* DetailsInterfaceController.swift */; };
		B26773EB1AB0506700F6F587 /* WeatherRowController.swift in Sources */ = {isa = PBXBuildFile; fileRef = B26773EA1AB0506700F6F587 /* WeatherRowController.swift */; };
		B26773ED1AB0541500F6F587 /* sun-50.png in Resources */ = {isa = PBXBuildFile; fileRef = B26773EC1AB0541500F6F587 /* sun-50.png */; };
		B26773EF1AB058D500F6F587 /* currency_exchange-75.png in Resources */ = {isa = PBXBuildFile; fileRef = B26773EE1AB058D500F6F587 /* currency_exchange-75.png */; };
		B27A58771AB071C10092DE05 /* ApiKeys.plist in Resources */ = {isa = PBXBuildFile; fileRef = B27A58761AB071C10092DE05 /* ApiKeys.plist */; };
		B27A58791AB07CAA0092DE05 /* sampleQR.jpg in Resources */ = {isa = PBXBuildFile; fileRef = B27A58781AB07CAA0092DE05 /* sampleQR.jpg */; };
		B2D477221AB18AE000F98E85 /* Alamofire.swift in Sources */ = {isa = PBXBuildFile; fileRef = B2D477211AB18AE000F98E85 /* Alamofire.swift */; };
		B2D477241AB1930600F98E85 /* SwiftyJSON.swift in Sources */ = {isa = PBXBuildFile; fileRef = B2D477231AB1930600F98E85 /* SwiftyJSON.swift */; };
/* End PBXBuildFile section */

/* Begin PBXContainerItemProxy section */
		B26773A41AB0398F00F6F587 /* PBXContainerItemProxy */ = {
			isa = PBXContainerItemProxy;
			containerPortal = B26773861AB0398F00F6F587 /* Project object */;
			proxyType = 1;
			remoteGlobalIDString = B267738D1AB0398F00F6F587;
			remoteInfo = FlightWatchCompanion;
		};
		B26773C81AB039AB00F6F587 /* PBXContainerItemProxy */ = {
			isa = PBXContainerItemProxy;
			containerPortal = B26773861AB0398F00F6F587 /* Project object */;
			proxyType = 1;
			remoteGlobalIDString = B26773C51AB039AB00F6F587;
			remoteInfo = "FlightWatchCompanion WatchKit App";
		};
		B26773D21AB039AB00F6F587 /* PBXContainerItemProxy */ = {
			isa = PBXContainerItemProxy;
			containerPortal = B26773861AB0398F00F6F587 /* Project object */;
			proxyType = 1;
			remoteGlobalIDString = B26773B61AB039AB00F6F587;
			remoteInfo = "FlightWatchCompanion WatchKit Extension";
		};
/* End PBXContainerItemProxy section */

/* Begin PBXCopyFilesBuildPhase section */
		B26773DB1AB039AB00F6F587 /* Embed App Extensions */ = {
			isa = PBXCopyFilesBuildPhase;
			buildActionMask = 2147483647;
			dstPath = "";
			dstSubfolderSpec = 13;
			files = (
				B26773D41AB039AB00F6F587 /* FlightWatchCompanion WatchKit Extension.appex in Embed App Extensions */,
			);
			name = "Embed App Extensions";
			runOnlyForDeploymentPostprocessing = 0;
		};
/* End PBXCopyFilesBuildPhase section */

/* Begin PBXFileReference section */
		B267738E1AB0398F00F6F587 /* FlightWatchCompanion.app */ = {isa = PBXFileReference; explicitFileType = wrapper.application; includeInIndex = 0; path = FlightWatchCompanion.app; sourceTree = BUILT_PRODUCTS_DIR; };
		B26773921AB0398F00F6F587 /* Info.plist */ = {isa = PBXFileReference; lastKnownFileType = text.plist.xml; path = Info.plist; sourceTree = "<group>"; };
		B26773931AB0398F00F6F587 /* AppDelegate.swift */ = {isa = PBXFileReference; lastKnownFileType = sourcecode.swift; path = AppDelegate.swift; sourceTree = "<group>"; };
		B26773951AB0398F00F6F587 /* ViewController.swift */ = {isa = PBXFileReference; lastKnownFileType = sourcecode.swift; path = ViewController.swift; sourceTree = "<group>"; };
		B26773981AB0398F00F6F587 /* Base */ = {isa = PBXFileReference; lastKnownFileType = file.storyboard; name = Base; path = Base.lproj/Main.storyboard; sourceTree = "<group>"; };
		B267739A1AB0398F00F6F587 /* Images.xcassets */ = {isa = PBXFileReference; lastKnownFileType = folder.assetcatalog; path = Images.xcassets; sourceTree = "<group>"; };
		B267739D1AB0398F00F6F587 /* Base */ = {isa = PBXFileReference; lastKnownFileType = file.xib; name = Base; path = Base.lproj/LaunchScreen.xib; sourceTree = "<group>"; };
		B26773A31AB0398F00F6F587 /* FlightWatchCompanionTests.xctest */ = {isa = PBXFileReference; explicitFileType = wrapper.cfbundle; includeInIndex = 0; path = FlightWatchCompanionTests.xctest; sourceTree = BUILT_PRODUCTS_DIR; };
		B26773A81AB0398F00F6F587 /* Info.plist */ = {isa = PBXFileReference; lastKnownFileType = text.plist.xml; path = Info.plist; sourceTree = "<group>"; };
		B26773A91AB0398F00F6F587 /* FlightWatchCompanionTests.swift */ = {isa = PBXFileReference; lastKnownFileType = sourcecode.swift; path = FlightWatchCompanionTests.swift; sourceTree = "<group>"; };
		B26773B71AB039AB00F6F587 /* FlightWatchCompanion WatchKit Extension.appex */ = {isa = PBXFileReference; explicitFileType = "wrapper.app-extension"; includeInIndex = 0; path = "FlightWatchCompanion WatchKit Extension.appex"; sourceTree = BUILT_PRODUCTS_DIR; };
		B26773BA1AB039AB00F6F587 /* Info.plist */ = {isa = PBXFileReference; lastKnownFileType = text.plist.xml; path = Info.plist; sourceTree = "<group>"; };
		B26773BB1AB039AB00F6F587 /* PushNotificationPayload.apns */ = {isa = PBXFileReference; lastKnownFileType = text; path = PushNotificationPayload.apns; sourceTree = "<group>"; };
		B26773BC1AB039AB00F6F587 /* InterfaceController.swift */ = {isa = PBXFileReference; lastKnownFileType = sourcecode.swift; path = InterfaceController.swift; sourceTree = "<group>"; };
		B26773BE1AB039AB00F6F587 /* NotificationController.swift */ = {isa = PBXFileReference; lastKnownFileType = sourcecode.swift; path = NotificationController.swift; sourceTree = "<group>"; };
		B26773C01AB039AB00F6F587 /* GlanceController.swift */ = {isa = PBXFileReference; lastKnownFileType = sourcecode.swift; path = GlanceController.swift; sourceTree = "<group>"; };
		B26773C21AB039AB00F6F587 /* Images.xcassets */ = {isa = PBXFileReference; lastKnownFileType = folder.assetcatalog; path = Images.xcassets; sourceTree = "<group>"; };
		B26773C61AB039AB00F6F587 /* FlightWatchCompanion WatchKit App.app */ = {isa = PBXFileReference; explicitFileType = wrapper.application; includeInIndex = 0; path = "FlightWatchCompanion WatchKit App.app"; sourceTree = BUILT_PRODUCTS_DIR; };
		B26773CC1AB039AB00F6F587 /* Info.plist */ = {isa = PBXFileReference; lastKnownFileType = text.plist.xml; path = Info.plist; sourceTree = "<group>"; };
		B26773CE1AB039AB00F6F587 /* Base */ = {isa = PBXFileReference; lastKnownFileType = file.storyboard; name = Base; path = Base.lproj/Interface.storyboard; sourceTree = "<group>"; };
		B26773D01AB039AB00F6F587 /* Images.xcassets */ = {isa = PBXFileReference; lastKnownFileType = folder.assetcatalog; path = Images.xcassets; sourceTree = "<group>"; };
		B26773DC1AB03A6D00F6F587 /* FlightsInterfaceController.swift */ = {isa = PBXFileReference; fileEncoding = 4; lastKnownFileType = sourcecode.swift; path = FlightsInterfaceController.swift; sourceTree = "<group>"; };
		B26773DE1AB03A8000F6F587 /* WeatherInterfaceController.swift */ = {isa = PBXFileReference; fileEncoding = 4; lastKnownFileType = sourcecode.swift; path = WeatherInterfaceController.swift; sourceTree = "<group>"; };
		B26773E01AB03A8F00F6F587 /* CurrencyInterfaceController.swift */ = {isa = PBXFileReference; fileEncoding = 4; lastKnownFileType = sourcecode.swift; path = CurrencyInterfaceController.swift; sourceTree = "<group>"; };
		B26773E21AB03C8600F6F587 /* FlightRowController.swift */ = {isa = PBXFileReference; fileEncoding = 4; lastKnownFileType = sourcecode.swift; path = FlightRowController.swift; sourceTree = "<group>"; };
		B26773E61AB0447400F6F587 /* airport-50.png */ = {isa = PBXFileReference; lastKnownFileType = image.png; path = "airport-50.png"; sourceTree = "<group>"; };
		B26773E81AB04CA900F6F587 /* DetailsInterfaceController.swift */ = {isa = PBXFileReference; fileEncoding = 4; lastKnownFileType = sourcecode.swift; path = DetailsInterfaceController.swift; sourceTree = "<group>"; };
		B26773EA1AB0506700F6F587 /* WeatherRowController.swift */ = {isa = PBXFileReference; fileEncoding = 4; lastKnownFileType = sourcecode.swift; path = WeatherRowController.swift; sourceTree = "<group>"; };
		B26773EC1AB0541500F6F587 /* sun-50.png */ = {isa = PBXFileReference; lastKnownFileType = image.png; path = "sun-50.png"; sourceTree = "<group>"; };
		B26773EE1AB058D500F6F587 /* currency_exchange-75.png */ = {isa = PBXFileReference; lastKnownFileType = image.png; path = "currency_exchange-75.png"; sourceTree = "<group>"; };
		B27A58761AB071C10092DE05 /* ApiKeys.plist */ = {isa = PBXFileReference; fileEncoding = 4; lastKnownFileType = text.plist.xml; name = ApiKeys.plist; path = "../FlightWatchCompanion WatchKit App/ApiKeys.plist"; sourceTree = "<group>"; };
		B27A58781AB07CAA0092DE05 /* sampleQR.jpg */ = {isa = PBXFileReference; lastKnownFileType = image.jpeg; path = sampleQR.jpg; sourceTree = "<group>"; };
		B2D477211AB18AE000F98E85 /* Alamofire.swift */ = {isa = PBXFileReference; fileEncoding = 4; lastKnownFileType = sourcecode.swift; path = Alamofire.swift; sourceTree = "<group>"; };
		B2D477231AB1930600F98E85 /* SwiftyJSON.swift */ = {isa = PBXFileReference; fileEncoding = 4; lastKnownFileType = sourcecode.swift; path = SwiftyJSON.swift; sourceTree = "<group>"; };
/* End PBXFileReference section */

/* Begin PBXFrameworksBuildPhase section */
		B267738B1AB0398F00F6F587 /* Frameworks */ = {
			isa = PBXFrameworksBuildPhase;
			buildActionMask = 2147483647;
			files = (
			);
			runOnlyForDeploymentPostprocessing = 0;
		};
		B26773A01AB0398F00F6F587 /* Frameworks */ = {
			isa = PBXFrameworksBuildPhase;
			buildActionMask = 2147483647;
			files = (
			);
			runOnlyForDeploymentPostprocessing = 0;
		};
		B26773B41AB039AB00F6F587 /* Frameworks */ = {
			isa = PBXFrameworksBuildPhase;
			buildActionMask = 2147483647;
			files = (
			);
			runOnlyForDeploymentPostprocessing = 0;
		};
/* End PBXFrameworksBuildPhase section */

/* Begin PBXGroup section */
		B25C61DA1AB1DFB800048B30 /* External Swift Libraries */ = {
			isa = PBXGroup;
			children = (
				B2D477211AB18AE000F98E85 /* Alamofire.swift */,
				B2D477231AB1930600F98E85 /* SwiftyJSON.swift */,
			);
			name = "External Swift Libraries";
			sourceTree = "<group>";
		};
		B26773851AB0398F00F6F587 = {
			isa = PBXGroup;
			children = (
				B26773901AB0398F00F6F587 /* FlightWatchCompanion */,
				B26773A61AB0398F00F6F587 /* FlightWatchCompanionTests */,
				B26773B81AB039AB00F6F587 /* FlightWatchCompanion WatchKit Extension */,
				B26773CA1AB039AB00F6F587 /* FlightWatchCompanion WatchKit App */,
				B267738F1AB0398F00F6F587 /* Products */,
			);
			sourceTree = "<group>";
		};
		B267738F1AB0398F00F6F587 /* Products */ = {
			isa = PBXGroup;
			children = (
				B267738E1AB0398F00F6F587 /* FlightWatchCompanion.app */,
				B26773A31AB0398F00F6F587 /* FlightWatchCompanionTests.xctest */,
				B26773B71AB039AB00F6F587 /* FlightWatchCompanion WatchKit Extension.appex */,
				B26773C61AB039AB00F6F587 /* FlightWatchCompanion WatchKit App.app */,
			);
			name = Products;
			sourceTree = "<group>";
		};
		B26773901AB0398F00F6F587 /* FlightWatchCompanion */ = {
			isa = PBXGroup;
			children = (
				B26773931AB0398F00F6F587 /* AppDelegate.swift */,
				B26773951AB0398F00F6F587 /* ViewController.swift */,
				B26773971AB0398F00F6F587 /* Main.storyboard */,
				B267739A1AB0398F00F6F587 /* Images.xcassets */,
				B267739C1AB0398F00F6F587 /* LaunchScreen.xib */,
				B26773911AB0398F00F6F587 /* Supporting Files */,
			);
			path = FlightWatchCompanion;
			sourceTree = "<group>";
		};
		B26773911AB0398F00F6F587 /* Supporting Files */ = {
			isa = PBXGroup;
			children = (
				B26773921AB0398F00F6F587 /* Info.plist */,
			);
			name = "Supporting Files";
			sourceTree = "<group>";
		};
		B26773A61AB0398F00F6F587 /* FlightWatchCompanionTests */ = {
			isa = PBXGroup;
			children = (
				B26773A91AB0398F00F6F587 /* FlightWatchCompanionTests.swift */,
				B26773A71AB0398F00F6F587 /* Supporting Files */,
			);
			path = FlightWatchCompanionTests;
			sourceTree = "<group>";
		};
		B26773A71AB0398F00F6F587 /* Supporting Files */ = {
			isa = PBXGroup;
			children = (
				B26773A81AB0398F00F6F587 /* Info.plist */,
			);
			name = "Supporting Files";
			sourceTree = "<group>";
		};
		B26773B81AB039AB00F6F587 /* FlightWatchCompanion WatchKit Extension */ = {
			isa = PBXGroup;
			children = (
				B27A58761AB071C10092DE05 /* ApiKeys.plist */,
				B26773BC1AB039AB00F6F587 /* InterfaceController.swift */,
				B26773BE1AB039AB00F6F587 /* NotificationController.swift */,
				B26773C01AB039AB00F6F587 /* GlanceController.swift */,
				B26773E01AB03A8F00F6F587 /* CurrencyInterfaceController.swift */,
				B26773E21AB03C8600F6F587 /* FlightRowController.swift */,
				B26773EA1AB0506700F6F587 /* WeatherRowController.swift */,
				B26773E81AB04CA900F6F587 /* DetailsInterfaceController.swift */,
				B26773DE1AB03A8000F6F587 /* WeatherInterfaceController.swift */,
				B26773DC1AB03A6D00F6F587 /* FlightsInterfaceController.swift */,
				B25C61DA1AB1DFB800048B30 /* External Swift Libraries */,
				B26773C21AB039AB00F6F587 /* Images.xcassets */,
				B26773B91AB039AB00F6F587 /* Supporting Files */,
			);
			path = "FlightWatchCompanion WatchKit Extension";
			sourceTree = "<group>";
		};
		B26773B91AB039AB00F6F587 /* Supporting Files */ = {
			isa = PBXGroup;
			children = (
				B26773BA1AB039AB00F6F587 /* Info.plist */,
				B26773BB1AB039AB00F6F587 /* PushNotificationPayload.apns */,
			);
			name = "Supporting Files";
			sourceTree = "<group>";
		};
		B26773CA1AB039AB00F6F587 /* FlightWatchCompanion WatchKit App */ = {
			isa = PBXGroup;
			children = (
				B26773E61AB0447400F6F587 /* airport-50.png */,
				B27A58781AB07CAA0092DE05 /* sampleQR.jpg */,
				B26773CD1AB039AB00F6F587 /* Interface.storyboard */,
				B26773EE1AB058D500F6F587 /* currency_exchange-75.png */,
				B26773EC1AB0541500F6F587 /* sun-50.png */,
				B26773D01AB039AB00F6F587 /* Images.xcassets */,
				B26773CB1AB039AB00F6F587 /* Supporting Files */,
			);
			path = "FlightWatchCompanion WatchKit App";
			sourceTree = "<group>";
		};
		B26773CB1AB039AB00F6F587 /* Supporting Files */ = {
			isa = PBXGroup;
			children = (
				B26773CC1AB039AB00F6F587 /* Info.plist */,
			);
			name = "Supporting Files";
			sourceTree = "<group>";
		};
/* End PBXGroup section */

/* Begin PBXNativeTarget section */
		B267738D1AB0398F00F6F587 /* FlightWatchCompanion */ = {
			isa = PBXNativeTarget;
			buildConfigurationList = B26773AD1AB0398F00F6F587 /* Build configuration list for PBXNativeTarget "FlightWatchCompanion" */;
			buildPhases = (
				B267738A1AB0398F00F6F587 /* Sources */,
				B267738B1AB0398F00F6F587 /* Frameworks */,
				B267738C1AB0398F00F6F587 /* Resources */,
				B26773DB1AB039AB00F6F587 /* Embed App Extensions */,
			);
			buildRules = (
			);
			dependencies = (
				B26773D31AB039AB00F6F587 /* PBXTargetDependency */,
			);
			name = FlightWatchCompanion;
			productName = FlightWatchCompanion;
			productReference = B267738E1AB0398F00F6F587 /* FlightWatchCompanion.app */;
			productType = "com.apple.product-type.application";
		};
		B26773A21AB0398F00F6F587 /* FlightWatchCompanionTests */ = {
			isa = PBXNativeTarget;
			buildConfigurationList = B26773B01AB0398F00F6F587 /* Build configuration list for PBXNativeTarget "FlightWatchCompanionTests" */;
			buildPhases = (
				B267739F1AB0398F00F6F587 /* Sources */,
				B26773A01AB0398F00F6F587 /* Frameworks */,
				B26773A11AB0398F00F6F587 /* Resources */,
			);
			buildRules = (
			);
			dependencies = (
				B26773A51AB0398F00F6F587 /* PBXTargetDependency */,
			);
			name = FlightWatchCompanionTests;
			productName = FlightWatchCompanionTests;
			productReference = B26773A31AB0398F00F6F587 /* FlightWatchCompanionTests.xctest */;
			productType = "com.apple.product-type.bundle.unit-test";
		};
		B26773B61AB039AB00F6F587 /* FlightWatchCompanion WatchKit Extension */ = {
			isa = PBXNativeTarget;
			buildConfigurationList = B26773D81AB039AB00F6F587 /* Build configuration list for PBXNativeTarget "FlightWatchCompanion WatchKit Extension" */;
			buildPhases = (
				B26773B31AB039AB00F6F587 /* Sources */,
				B26773B41AB039AB00F6F587 /* Frameworks */,
				B26773B51AB039AB00F6F587 /* Resources */,
			);
			buildRules = (
			);
			dependencies = (
				B26773C91AB039AB00F6F587 /* PBXTargetDependency */,
			);
			name = "FlightWatchCompanion WatchKit Extension";
			productName = "FlightWatchCompanion WatchKit Extension";
			productReference = B26773B71AB039AB00F6F587 /* FlightWatchCompanion WatchKit Extension.appex */;
			productType = "com.apple.product-type.watchkit-extension";
		};
		B26773C51AB039AB00F6F587 /* FlightWatchCompanion WatchKit App */ = {
			isa = PBXNativeTarget;
			buildConfigurationList = B26773D51AB039AB00F6F587 /* Build configuration list for PBXNativeTarget "FlightWatchCompanion WatchKit App" */;
			buildPhases = (
				B26773C41AB039AB00F6F587 /* Resources */,
			);
			buildRules = (
			);
			dependencies = (
			);
			name = "FlightWatchCompanion WatchKit App";
			productName = "FlightWatchCompanion WatchKit App";
			productReference = B26773C61AB039AB00F6F587 /* FlightWatchCompanion WatchKit App.app */;
			productType = "com.apple.product-type.application.watchapp";
		};
/* End PBXNativeTarget section */

/* Begin PBXProject section */
		B26773861AB0398F00F6F587 /* Project object */ = {
			isa = PBXProject;
			attributes = {
				LastUpgradeCheck = 0620;
				ORGANIZATIONNAME = dna;
				TargetAttributes = {
					B267738D1AB0398F00F6F587 = {
						CreatedOnToolsVersion = 6.2;
					};
					B26773A21AB0398F00F6F587 = {
						CreatedOnToolsVersion = 6.2;
						TestTargetID = B267738D1AB0398F00F6F587;
					};
					B26773B61AB039AB00F6F587 = {
						CreatedOnToolsVersion = 6.2;
					};
					B26773C51AB039AB00F6F587 = {
						CreatedOnToolsVersion = 6.2;
					};
				};
			};
			buildConfigurationList = B26773891AB0398F00F6F587 /* Build configuration list for PBXProject "FlightWatchCompanion" */;
			compatibilityVersion = "Xcode 3.2";
			developmentRegion = English;
			hasScannedForEncodings = 0;
			knownRegions = (
				en,
				Base,
			);
			mainGroup = B26773851AB0398F00F6F587;
			productRefGroup = B267738F1AB0398F00F6F587 /* Products */;
			projectDirPath = "";
			projectRoot = "";
			targets = (
				B267738D1AB0398F00F6F587 /* FlightWatchCompanion */,
				B26773A21AB0398F00F6F587 /* FlightWatchCompanionTests */,
				B26773B61AB039AB00F6F587 /* FlightWatchCompanion WatchKit Extension */,
				B26773C51AB039AB00F6F587 /* FlightWatchCompanion WatchKit App */,
			);
		};
/* End PBXProject section */

/* Begin PBXResourcesBuildPhase section */
		B267738C1AB0398F00F6F587 /* Resources */ = {
			isa = PBXResourcesBuildPhase;
			buildActionMask = 2147483647;
			files = (
				B26773991AB0398F00F6F587 /* Main.storyboard in Resources */,
				B267739E1AB0398F00F6F587 /* LaunchScreen.xib in Resources */,
				B267739B1AB0398F00F6F587 /* Images.xcassets in Resources */,
			);
			runOnlyForDeploymentPostprocessing = 0;
		};
		B26773A11AB0398F00F6F587 /* Resources */ = {
			isa = PBXResourcesBuildPhase;
			buildActionMask = 2147483647;
			files = (
			);
			runOnlyForDeploymentPostprocessing = 0;
		};
		B26773B51AB039AB00F6F587 /* Resources */ = {
			isa = PBXResourcesBuildPhase;
			buildActionMask = 2147483647;
			files = (
				B26773C31AB039AB00F6F587 /* Images.xcassets in Resources */,
				B26773C71AB039AB00F6F587 /* FlightWatchCompanion WatchKit App.app in Resources */,
			);
			runOnlyForDeploymentPostprocessing = 0;
		};
		B26773C41AB039AB00F6F587 /* Resources */ = {
			isa = PBXResourcesBuildPhase;
			buildActionMask = 2147483647;
			files = (
				B27A58791AB07CAA0092DE05 /* sampleQR.jpg in Resources */,
				B26773E71AB0447400F6F587 /* airport-50.png in Resources */,
				B26773EF1AB058D500F6F587 /* currency_exchange-75.png in Resources */,
				B26773CF1AB039AB00F6F587 /* Interface.storyboard in Resources */,
				B26773ED1AB0541500F6F587 /* sun-50.png in Resources */,
				B26773D11AB039AB00F6F587 /* Images.xcassets in Resources */,
				B27A58771AB071C10092DE05 /* ApiKeys.plist in Resources */,
			);
			runOnlyForDeploymentPostprocessing = 0;
		};
/* End PBXResourcesBuildPhase section */

/* Begin PBXSourcesBuildPhase section */
		B267738A1AB0398F00F6F587 /* Sources */ = {
			isa = PBXSourcesBuildPhase;
			buildActionMask = 2147483647;
			files = (
				B26773961AB0398F00F6F587 /* ViewController.swift in Sources */,
				B26773941AB0398F00F6F587 /* AppDelegate.swift in Sources */,
			);
			runOnlyForDeploymentPostprocessing = 0;
		};
		B267739F1AB0398F00F6F587 /* Sources */ = {
			isa = PBXSourcesBuildPhase;
			buildActionMask = 2147483647;
			files = (
				B26773AA1AB0398F00F6F587 /* FlightWatchCompanionTests.swift in Sources */,
			);
			runOnlyForDeploymentPostprocessing = 0;
		};
		B26773B31AB039AB00F6F587 /* Sources */ = {
			isa = PBXSourcesBuildPhase;
			buildActionMask = 2147483647;
			files = (
				B26773EB1AB0506700F6F587 /* WeatherRowController.swift in Sources */,
				B26773BF1AB039AB00F6F587 /* NotificationController.swift in Sources */,
				B26773BD1AB039AB00F6F587 /* InterfaceController.swift in Sources */,
				B2D477241AB1930600F98E85 /* SwiftyJSON.swift in Sources */,
				B26773E11AB03A8F00F6F587 /* CurrencyInterfaceController.swift in Sources */,
				B26773E31AB03C8600F6F587 /* FlightRowController.swift in Sources */,
				B26773E91AB04CA900F6F587 /* DetailsInterfaceController.swift in Sources */,
				B2D477221AB18AE000F98E85 /* Alamofire.swift in Sources */,
				B26773DF1AB03A8000F6F587 /* WeatherInterfaceController.swift in Sources */,
				B26773DD1AB03A6D00F6F587 /* FlightsInterfaceController.swift in Sources */,
				B26773C11AB039AB00F6F587 /* GlanceController.swift in Sources */,
			);
			runOnlyForDeploymentPostprocessing = 0;
		};
/* End PBXSourcesBuildPhase section */

/* Begin PBXTargetDependency section */
		B26773A51AB0398F00F6F587 /* PBXTargetDependency */ = {
			isa = PBXTargetDependency;
			target = B267738D1AB0398F00F6F587 /* FlightWatchCompanion */;
			targetProxy = B26773A41AB0398F00F6F587 /* PBXContainerItemProxy */;
		};
		B26773C91AB039AB00F6F587 /* PBXTargetDependency */ = {
			isa = PBXTargetDependency;
			target = B26773C51AB039AB00F6F587 /* FlightWatchCompanion WatchKit App */;
			targetProxy = B26773C81AB039AB00F6F587 /* PBXContainerItemProxy */;
		};
		B26773D31AB039AB00F6F587 /* PBXTargetDependency */ = {
			isa = PBXTargetDependency;
			target = B26773B61AB039AB00F6F587 /* FlightWatchCompanion WatchKit Extension */;
			targetProxy = B26773D21AB039AB00F6F587 /* PBXContainerItemProxy */;
		};
/* End PBXTargetDependency section */

/* Begin PBXVariantGroup section */
		B26773971AB0398F00F6F587 /* Main.storyboard */ = {
			isa = PBXVariantGroup;
			children = (
				B26773981AB0398F00F6F587 /* Base */,
			);
			name = Main.storyboard;
			sourceTree = "<group>";
		};
		B267739C1AB0398F00F6F587 /* LaunchScreen.xib */ = {
			isa = PBXVariantGroup;
			children = (
				B267739D1AB0398F00F6F587 /* Base */,
			);
			name = LaunchScreen.xib;
			sourceTree = "<group>";
		};
		B26773CD1AB039AB00F6F587 /* Interface.storyboard */ = {
			isa = PBXVariantGroup;
			children = (
				B26773CE1AB039AB00F6F587 /* Base */,
			);
			name = Interface.storyboard;
			sourceTree = "<group>";
		};
/* End PBXVariantGroup section */

/* Begin XCBuildConfiguration section */
		B26773AB1AB0398F00F6F587 /* Debug */ = {
			isa = XCBuildConfiguration;
			buildSettings = {
				ALWAYS_SEARCH_USER_PATHS = NO;
				CLANG_CXX_LANGUAGE_STANDARD = "gnu++0x";
				CLANG_CXX_LIBRARY = "libc++";
				CLANG_ENABLE_MODULES = YES;
				CLANG_ENABLE_OBJC_ARC = YES;
				CLANG_WARN_BOOL_CONVERSION = YES;
				CLANG_WARN_CONSTANT_CONVERSION = YES;
				CLANG_WARN_DIRECT_OBJC_ISA_USAGE = YES_ERROR;
				CLANG_WARN_EMPTY_BODY = YES;
				CLANG_WARN_ENUM_CONVERSION = YES;
				CLANG_WARN_INT_CONVERSION = YES;
				CLANG_WARN_OBJC_ROOT_CLASS = YES_ERROR;
				CLANG_WARN_UNREACHABLE_CODE = YES;
				CLANG_WARN__DUPLICATE_METHOD_MATCH = YES;
				"CODE_SIGN_IDENTITY[sdk=iphoneos*]" = "iPhone Developer";
				COPY_PHASE_STRIP = NO;
				ENABLE_STRICT_OBJC_MSGSEND = YES;
				GCC_C_LANGUAGE_STANDARD = gnu99;
				GCC_DYNAMIC_NO_PIC = NO;
				GCC_OPTIMIZATION_LEVEL = 0;
				GCC_PREPROCESSOR_DEFINITIONS = (
					"DEBUG=1",
					"$(inherited)",
				);
				GCC_SYMBOLS_PRIVATE_EXTERN = NO;
				GCC_WARN_64_TO_32_BIT_CONVERSION = YES;
				GCC_WARN_ABOUT_RETURN_TYPE = YES_ERROR;
				GCC_WARN_UNDECLARED_SELECTOR = YES;
				GCC_WARN_UNINITIALIZED_AUTOS = YES_AGGRESSIVE;
				GCC_WARN_UNUSED_FUNCTION = YES;
				GCC_WARN_UNUSED_VARIABLE = YES;
				IPHONEOS_DEPLOYMENT_TARGET = 8.2;
				MTL_ENABLE_DEBUG_INFO = YES;
				ONLY_ACTIVE_ARCH = YES;
				SDKROOT = iphoneos;
				SWIFT_OPTIMIZATION_LEVEL = "-Onone";
			};
			name = Debug;
		};
		B26773AC1AB0398F00F6F587 /* Release */ = {
			isa = XCBuildConfiguration;
			buildSettings = {
				ALWAYS_SEARCH_USER_PATHS = NO;
				CLANG_CXX_LANGUAGE_STANDARD = "gnu++0x";
				CLANG_CXX_LIBRARY = "libc++";
				CLANG_ENABLE_MODULES = YES;
				CLANG_ENABLE_OBJC_ARC = YES;
				CLANG_WARN_BOOL_CONVERSION = YES;
				CLANG_WARN_CONSTANT_CONVERSION = YES;
				CLANG_WARN_DIRECT_OBJC_ISA_USAGE = YES_ERROR;
				CLANG_WARN_EMPTY_BODY = YES;
				CLANG_WARN_ENUM_CONVERSION = YES;
				CLANG_WARN_INT_CONVERSION = YES;
				CLANG_WARN_OBJC_ROOT_CLASS = YES_ERROR;
				CLANG_WARN_UNREACHABLE_CODE = YES;
				CLANG_WARN__DUPLICATE_METHOD_MATCH = YES;
				"CODE_SIGN_IDENTITY[sdk=iphoneos*]" = "iPhone Developer";
				COPY_PHASE_STRIP = NO;
				ENABLE_NS_ASSERTIONS = NO;
				ENABLE_STRICT_OBJC_MSGSEND = YES;
				GCC_C_LANGUAGE_STANDARD = gnu99;
				GCC_WARN_64_TO_32_BIT_CONVERSION = YES;
				GCC_WARN_ABOUT_RETURN_TYPE = YES_ERROR;
				GCC_WARN_UNDECLARED_SELECTOR = YES;
				GCC_WARN_UNINITIALIZED_AUTOS = YES_AGGRESSIVE;
				GCC_WARN_UNUSED_FUNCTION = YES;
				GCC_WARN_UNUSED_VARIABLE = YES;
				IPHONEOS_DEPLOYMENT_TARGET = 8.2;
				MTL_ENABLE_DEBUG_INFO = NO;
				SDKROOT = iphoneos;
				VALIDATE_PRODUCT = YES;
			};
			name = Release;
		};
		B26773AE1AB0398F00F6F587 /* Debug */ = {
			isa = XCBuildConfiguration;
			buildSettings = {
				ASSETCATALOG_COMPILER_APPICON_NAME = AppIcon;
				EMBEDDED_CONTENT_CONTAINS_SWIFT = YES;
				INFOPLIST_FILE = FlightWatchCompanion/Info.plist;
				LD_RUNPATH_SEARCH_PATHS = "$(inherited) @executable_path/Frameworks";
				PRODUCT_NAME = "$(TARGET_NAME)";
			};
			name = Debug;
		};
		B26773AF1AB0398F00F6F587 /* Release */ = {
			isa = XCBuildConfiguration;
			buildSettings = {
				ASSETCATALOG_COMPILER_APPICON_NAME = AppIcon;
				EMBEDDED_CONTENT_CONTAINS_SWIFT = YES;
				INFOPLIST_FILE = FlightWatchCompanion/Info.plist;
				LD_RUNPATH_SEARCH_PATHS = "$(inherited) @executable_path/Frameworks";
				PRODUCT_NAME = "$(TARGET_NAME)";
			};
			name = Release;
		};
		B26773B11AB0398F00F6F587 /* Debug */ = {
			isa = XCBuildConfiguration;
			buildSettings = {
				BUNDLE_LOADER = "$(TEST_HOST)";
				FRAMEWORK_SEARCH_PATHS = (
					"$(SDKROOT)/Developer/Library/Frameworks",
					"$(inherited)",
				);
				GCC_PREPROCESSOR_DEFINITIONS = (
					"DEBUG=1",
					"$(inherited)",
				);
				INFOPLIST_FILE = FlightWatchCompanionTests/Info.plist;
				LD_RUNPATH_SEARCH_PATHS = "$(inherited) @executable_path/Frameworks @loader_path/Frameworks";
				PRODUCT_NAME = "$(TARGET_NAME)";
				TEST_HOST = "$(BUILT_PRODUCTS_DIR)/FlightWatchCompanion.app/FlightWatchCompanion";
			};
			name = Debug;
		};
		B26773B21AB0398F00F6F587 /* Release */ = {
			isa = XCBuildConfiguration;
			buildSettings = {
				BUNDLE_LOADER = "$(TEST_HOST)";
				FRAMEWORK_SEARCH_PATHS = (
					"$(SDKROOT)/Developer/Library/Frameworks",
					"$(inherited)",
				);
				INFOPLIST_FILE = FlightWatchCompanionTests/Info.plist;
				LD_RUNPATH_SEARCH_PATHS = "$(inherited) @executable_path/Frameworks @loader_path/Frameworks";
				PRODUCT_NAME = "$(TARGET_NAME)";
				TEST_HOST = "$(BUILT_PRODUCTS_DIR)/FlightWatchCompanion.app/FlightWatchCompanion";
			};
			name = Release;
		};
		B26773D61AB039AB00F6F587 /* Debug */ = {
			isa = XCBuildConfiguration;
			buildSettings = {
				ASSETCATALOG_COMPILER_APPICON_NAME = AppIcon;
				GCC_PREPROCESSOR_DEFINITIONS = (
					"DEBUG=1",
					"$(inherited)",
				);
				IBSC_MODULE = FlightWatchCompanion_WatchKit_Extension;
				INFOPLIST_FILE = "FlightWatchCompanion WatchKit App/Info.plist";
				PRODUCT_NAME = "$(TARGET_NAME)";
				SKIP_INSTALL = YES;
				TARGETED_DEVICE_FAMILY = 4;
				"TARGETED_DEVICE_FAMILY[sdk=iphonesimulator*]" = "1,4";
			};
			name = Debug;
		};
		B26773D71AB039AB00F6F587 /* Release */ = {
			isa = XCBuildConfiguration;
			buildSettings = {
				ASSETCATALOG_COMPILER_APPICON_NAME = AppIcon;
				IBSC_MODULE = FlightWatchCompanion_WatchKit_Extension;
				INFOPLIST_FILE = "FlightWatchCompanion WatchKit App/Info.plist";
				PRODUCT_NAME = "$(TARGET_NAME)";
				SKIP_INSTALL = YES;
				TARGETED_DEVICE_FAMILY = 4;
				"TARGETED_DEVICE_FAMILY[sdk=iphonesimulator*]" = "1,4";
			};
			name = Release;
		};
		B26773D91AB039AB00F6F587 /* Debug */ = {
			isa = XCBuildConfiguration;
			buildSettings = {
				GCC_PREPROCESSOR_DEFINITIONS = (
					"DEBUG=1",
					"$(inherited)",
				);
				INFOPLIST_FILE = "FlightWatchCompanion WatchKit Extension/Info.plist";
				LD_RUNPATH_SEARCH_PATHS = "$(inherited) @executable_path/Frameworks @executable_path/../../Frameworks";
				PRODUCT_NAME = "${TARGET_NAME}";
				SKIP_INSTALL = YES;
			};
			name = Debug;
		};
		B26773DA1AB039AB00F6F587 /* Release */ = {
			isa = XCBuildConfiguration;
			buildSettings = {
				INFOPLIST_FILE = "FlightWatchCompanion WatchKit Extension/Info.plist";
				LD_RUNPATH_SEARCH_PATHS = "$(inherited) @executable_path/Frameworks @executable_path/../../Frameworks";
				PRODUCT_NAME = "${TARGET_NAME}";
				SKIP_INSTALL = YES;
			};
			name = Release;
		};
/* End XCBuildConfiguration section */

/* Begin XCConfigurationList section */
		B26773891AB0398F00F6F587 /* Build configuration list for PBXProject "FlightWatchCompanion" */ = {
			isa = XCConfigurationList;
			buildConfigurations = (
				B26773AB1AB0398F00F6F587 /* Debug */,
				B26773AC1AB0398F00F6F587 /* Release */,
			);
			defaultConfigurationIsVisible = 0;
			defaultConfigurationName = Release;
		};
		B26773AD1AB0398F00F6F587 /* Build configuration list for PBXNativeTarget "FlightWatchCompanion" */ = {
			isa = XCConfigurationList;
			buildConfigurations = (
				B26773AE1AB0398F00F6F587 /* Debug */,
				B26773AF1AB0398F00F6F587 /* Release */,
			);
			defaultConfigurationIsVisible = 0;
			defaultConfigurationName = Release;
		};
		B26773B01AB0398F00F6F587 /* Build configuration list for PBXNativeTarget "FlightWatchCompanionTests" */ = {
			isa = XCConfigurationList;
			buildConfigurations = (
				B26773B11AB0398F00F6F587 /* Debug */,
				B26773B21AB0398F00F6F587 /* Release */,
			);
			defaultConfigurationIsVisible = 0;
			defaultConfigurationName = Release;
		};
		B26773D51AB039AB00F6F587 /* Build configuration list for PBXNativeTarget "FlightWatchCompanion WatchKit App" */ = {
			isa = XCConfigurationList;
			buildConfigurations = (
				B26773D61AB039AB00F6F587 /* Debug */,
				B26773D71AB039AB00F6F587 /* Release */,
			);
			defaultConfigurationIsVisible = 0;
			defaultConfigurationName = Release;
		};
		B26773D81AB039AB00F6F587 /* Build configuration list for PBXNativeTarget "FlightWatchCompanion WatchKit Extension" */ = {
			isa = XCConfigurationList;
			buildConfigurations = (
				B26773D91AB039AB00F6F587 /* Debug */,
				B26773DA1AB039AB00F6F587 /* Release */,
			);
			defaultConfigurationIsVisible = 0;
			defaultConfigurationName = Release;
		};
/* End XCConfigurationList section */
	};
	rootObject = B26773861AB0398F00F6F587 /* Project object */;
}
